// !$*UTF8*$!
{
	archiveVersion = 1;
	classes = {
	};
	objectVersion = 46;
	objects = {

/* Begin PBXBuildFile section */
		0D0CC3831F54B48C00334487 /* AppDelegate.swift in Sources */ = {isa = PBXBuildFile; fileRef = 0D0CC3821F54B48C00334487 /* AppDelegate.swift */; };
		0D0CC3881F54B48C00334487 /* Main.storyboard in Resources */ = {isa = PBXBuildFile; fileRef = 0D0CC3861F54B48C00334487 /* Main.storyboard */; };
		0D0CC38A1F54B48C00334487 /* Assets.xcassets in Resources */ = {isa = PBXBuildFile; fileRef = 0D0CC3891F54B48C00334487 /* Assets.xcassets */; };
		0D0CC38D1F54B48C00334487 /* LaunchScreen.storyboard in Resources */ = {isa = PBXBuildFile; fileRef = 0D0CC38B1F54B48C00334487 /* LaunchScreen.storyboard */; };
		0D0CC3981F54B48C00334487 /* skinTests.swift in Sources */ = {isa = PBXBuildFile; fileRef = 0D0CC3971F54B48C00334487 /* skinTests.swift */; };
		0D0CC3A31F54B48C00334487 /* skinUITests.swift in Sources */ = {isa = PBXBuildFile; fileRef = 0D0CC3A21F54B48C00334487 /* skinUITests.swift */; };
		0D66F55C1FB241CD00FE84DC /* ProductListSplitViewController.swift in Sources */ = {isa = PBXBuildFile; fileRef = 0D66F55B1FB241CD00FE84DC /* ProductListSplitViewController.swift */; };
		0D66F5601FB2452700FE84DC /* ProductListViewController.swift in Sources */ = {isa = PBXBuildFile; fileRef = 0D66F55F1FB2452700FE84DC /* ProductListViewController.swift */; };
		0D66F5621FB245DD00FE84DC /* WishList.swift in Sources */ = {isa = PBXBuildFile; fileRef = 0D66F5611FB245DD00FE84DC /* WishList.swift */; };
		0D66F5651FB3444F00FE84DC /* WishListSplitViewController.swift in Sources */ = {isa = PBXBuildFile; fileRef = 0D66F5641FB3444F00FE84DC /* WishListSplitViewController.swift */; };
		0D66F5671FB3446400FE84DC /* WishListViewController.swift in Sources */ = {isa = PBXBuildFile; fileRef = 0D66F5661FB3446400FE84DC /* WishListViewController.swift */; };
		0D6BA793200FD6FC009D92A9 /* UIViewController+Realm.swift in Sources */ = {isa = PBXBuildFile; fileRef = 0D6BA792200FD6FC009D92A9 /* UIViewController+Realm.swift */; };
		0D79E9221F5EE16B00590443 /* DailyLogViewController.swift in Sources */ = {isa = PBXBuildFile; fileRef = 0D79E9211F5EE16B00590443 /* DailyLogViewController.swift */; };
		0D8A7B501F67806D00C57F0A /* RoutineLog.swift in Sources */ = {isa = PBXBuildFile; fileRef = 0D8A7B4F1F67806D00C57F0A /* RoutineLog.swift */; };
		0D8A7B521F6780A400C57F0A /* Routine.swift in Sources */ = {isa = PBXBuildFile; fileRef = 0D8A7B511F6780A400C57F0A /* Routine.swift */; };
		0D8A7B541F67812200C57F0A /* Log.swift in Sources */ = {isa = PBXBuildFile; fileRef = 0D8A7B531F67812200C57F0A /* Log.swift */; };
		0D8A7B561F67815200C57F0A /* Product.swift in Sources */ = {isa = PBXBuildFile; fileRef = 0D8A7B551F67815200C57F0A /* Product.swift */; };
		0D9734DA20220F98002ACE21 /* RoutineLogTableView.swift in Sources */ = {isa = PBXBuildFile; fileRef = 0D9734D920220F98002ACE21 /* RoutineLogTableView.swift */; };
		0D9E05EC1F7007B300E83BF3 /* LogSplitViewController.swift in Sources */ = {isa = PBXBuildFile; fileRef = 0D9E05EB1F7007B300E83BF3 /* LogSplitViewController.swift */; };
		0DAAF1C21F715287001F0CD3 /* ProductCategory.swift in Sources */ = {isa = PBXBuildFile; fileRef = 0DAAF1C11F715287001F0CD3 /* ProductCategory.swift */; };
		0DAAF1C41F71588C001F0CD3 /* Stash.swift in Sources */ = {isa = PBXBuildFile; fileRef = 0DAAF1C31F71588C001F0CD3 /* Stash.swift */; };
		0DC690B0202140110058336E /* Prototype.storyboard in Resources */ = {isa = PBXBuildFile; fileRef = 0DC690AF202140110058336E /* Prototype.storyboard */; };
		0DC690B320216AC20058336E /* DailyViewController.swift in Sources */ = {isa = PBXBuildFile; fileRef = 0DC690B220216AC20058336E /* DailyViewController.swift */; };
		0DC690B5202171370058336E /* DailyRoutineLogViewController.swift in Sources */ = {isa = PBXBuildFile; fileRef = 0DC690B4202171370058336E /* DailyRoutineLogViewController.swift */; };
		0DC690B7202171820058336E /* DailyStatusViewController.swift in Sources */ = {isa = PBXBuildFile; fileRef = 0DC690B6202171820058336E /* DailyStatusViewController.swift */; };
		0DD890EF1FB3BEEC00F83192 /* String+RangeFromNSRange.swift in Sources */ = {isa = PBXBuildFile; fileRef = 0DD890EE1FB3BEEC00F83192 /* String+RangeFromNSRange.swift */; };
		0DE6B85A1FBC9F7B0073836C /* NoProductSelected.storyboard in Resources */ = {isa = PBXBuildFile; fileRef = 0DE6B8591FBC9F7B0073836C /* NoProductSelected.storyboard */; };
		0DE6B85E1FBCA1580073836C /* Log.storyboard in Resources */ = {isa = PBXBuildFile; fileRef = 0DE6B85B1FBCA0C00073836C /* Log.storyboard */; };
		0DE6B8601FBCA2DE0073836C /* WishList.storyboard in Resources */ = {isa = PBXBuildFile; fileRef = 0DE6B85F1FBCA2DE0073836C /* WishList.storyboard */; };
		0DE6B8621FBCA3930073836C /* Stash.storyboard in Resources */ = {isa = PBXBuildFile; fileRef = 0DE6B8611FBCA3930073836C /* Stash.storyboard */; };
		0DE6B8671FBCA6C50073836C /* ApplicationProductSelectionViewController.swift in Sources */ = {isa = PBXBuildFile; fileRef = 0DE6B8661FBCA6C50073836C /* ApplicationProductSelectionViewController.swift */; };
		0DEF09741F700B9D0046DE0A /* ApplicationViewController.swift in Sources */ = {isa = PBXBuildFile; fileRef = 0DEF09731F700B9D0046DE0A /* ApplicationViewController.swift */; };
		0DEF09781F714C9F0046DE0A /* StashSplitViewController.swift in Sources */ = {isa = PBXBuildFile; fileRef = 0DEF09771F714C9F0046DE0A /* StashSplitViewController.swift */; };
		0DEF097B1F714D0A0046DE0A /* StashViewController.swift in Sources */ = {isa = PBXBuildFile; fileRef = 0DEF097A1F714D0A0046DE0A /* StashViewController.swift */; };
		0DEF097D1F714D1C0046DE0A /* ProductViewController.swift in Sources */ = {isa = PBXBuildFile; fileRef = 0DEF097C1F714D1C0046DE0A /* ProductViewController.swift */; };
		267422028AC53C46DE5FEC8C /* Pods_skin.framework in Frameworks */ = {isa = PBXBuildFile; fileRef = E93611EEE60A3CBBD8587337 /* Pods_skin.framework */; };
/* End PBXBuildFile section */

/* Begin PBXContainerItemProxy section */
		0D0CC3941F54B48C00334487 /* PBXContainerItemProxy */ = {
			isa = PBXContainerItemProxy;
			containerPortal = 0D0CC3771F54B48C00334487 /* Project object */;
			proxyType = 1;
			remoteGlobalIDString = 0D0CC37E1F54B48C00334487;
			remoteInfo = skin;
		};
		0D0CC39F1F54B48C00334487 /* PBXContainerItemProxy */ = {
			isa = PBXContainerItemProxy;
			containerPortal = 0D0CC3771F54B48C00334487 /* Project object */;
			proxyType = 1;
			remoteGlobalIDString = 0D0CC37E1F54B48C00334487;
			remoteInfo = skin;
		};
/* End PBXContainerItemProxy section */

/* Begin PBXCopyFilesBuildPhase section */
		0D0CC3B91F55988700334487 /* Embed Frameworks */ = {
			isa = PBXCopyFilesBuildPhase;
			buildActionMask = 2147483647;
			dstPath = "";
			dstSubfolderSpec = 10;
			files = (
			);
			name = "Embed Frameworks";
			runOnlyForDeploymentPostprocessing = 0;
		};
/* End PBXCopyFilesBuildPhase section */

/* Begin PBXFileReference section */
		0D0CC37F1F54B48C00334487 /* skin.app */ = {isa = PBXFileReference; explicitFileType = wrapper.application; includeInIndex = 0; path = skin.app; sourceTree = BUILT_PRODUCTS_DIR; };
		0D0CC3821F54B48C00334487 /* AppDelegate.swift */ = {isa = PBXFileReference; lastKnownFileType = sourcecode.swift; path = AppDelegate.swift; sourceTree = "<group>"; };
		0D0CC3871F54B48C00334487 /* Base */ = {isa = PBXFileReference; lastKnownFileType = file.storyboard; name = Base; path = Base.lproj/Main.storyboard; sourceTree = "<group>"; };
		0D0CC3891F54B48C00334487 /* Assets.xcassets */ = {isa = PBXFileReference; lastKnownFileType = folder.assetcatalog; path = Assets.xcassets; sourceTree = "<group>"; };
		0D0CC38C1F54B48C00334487 /* Base */ = {isa = PBXFileReference; lastKnownFileType = file.storyboard; name = Base; path = Base.lproj/LaunchScreen.storyboard; sourceTree = "<group>"; };
		0D0CC38E1F54B48C00334487 /* Info.plist */ = {isa = PBXFileReference; lastKnownFileType = text.plist.xml; path = Info.plist; sourceTree = "<group>"; };
		0D0CC3931F54B48C00334487 /* skinTests.xctest */ = {isa = PBXFileReference; explicitFileType = wrapper.cfbundle; includeInIndex = 0; path = skinTests.xctest; sourceTree = BUILT_PRODUCTS_DIR; };
		0D0CC3971F54B48C00334487 /* skinTests.swift */ = {isa = PBXFileReference; lastKnownFileType = sourcecode.swift; path = skinTests.swift; sourceTree = "<group>"; };
		0D0CC3991F54B48C00334487 /* Info.plist */ = {isa = PBXFileReference; lastKnownFileType = text.plist.xml; path = Info.plist; sourceTree = "<group>"; };
		0D0CC39E1F54B48C00334487 /* skinUITests.xctest */ = {isa = PBXFileReference; explicitFileType = wrapper.cfbundle; includeInIndex = 0; path = skinUITests.xctest; sourceTree = BUILT_PRODUCTS_DIR; };
		0D0CC3A21F54B48C00334487 /* skinUITests.swift */ = {isa = PBXFileReference; lastKnownFileType = sourcecode.swift; path = skinUITests.swift; sourceTree = "<group>"; };
		0D0CC3A41F54B48C00334487 /* Info.plist */ = {isa = PBXFileReference; lastKnownFileType = text.plist.xml; path = Info.plist; sourceTree = "<group>"; };
		0D0CC3B21F55932900334487 /* skin.entitlements */ = {isa = PBXFileReference; lastKnownFileType = text.plist.entitlements; path = skin.entitlements; sourceTree = "<group>"; };
		0D66F55B1FB241CD00FE84DC /* ProductListSplitViewController.swift */ = {isa = PBXFileReference; fileEncoding = 4; lastKnownFileType = sourcecode.swift; path = ProductListSplitViewController.swift; sourceTree = "<group>"; };
		0D66F55F1FB2452700FE84DC /* ProductListViewController.swift */ = {isa = PBXFileReference; fileEncoding = 4; lastKnownFileType = sourcecode.swift; path = ProductListViewController.swift; sourceTree = "<group>"; };
		0D66F5611FB245DD00FE84DC /* WishList.swift */ = {isa = PBXFileReference; fileEncoding = 4; lastKnownFileType = sourcecode.swift; path = WishList.swift; sourceTree = "<group>"; };
		0D66F5641FB3444F00FE84DC /* WishListSplitViewController.swift */ = {isa = PBXFileReference; fileEncoding = 4; lastKnownFileType = sourcecode.swift; path = WishListSplitViewController.swift; sourceTree = "<group>"; };
		0D66F5661FB3446400FE84DC /* WishListViewController.swift */ = {isa = PBXFileReference; fileEncoding = 4; lastKnownFileType = sourcecode.swift; path = WishListViewController.swift; sourceTree = "<group>"; };
		0D6BA792200FD6FC009D92A9 /* UIViewController+Realm.swift */ = {isa = PBXFileReference; lastKnownFileType = sourcecode.swift; path = "UIViewController+Realm.swift"; sourceTree = "<group>"; };
		0D79E9211F5EE16B00590443 /* DailyLogViewController.swift */ = {isa = PBXFileReference; fileEncoding = 4; lastKnownFileType = sourcecode.swift; path = DailyLogViewController.swift; sourceTree = "<group>"; };
		0D8A7B4F1F67806D00C57F0A /* RoutineLog.swift */ = {isa = PBXFileReference; fileEncoding = 4; lastKnownFileType = sourcecode.swift; path = RoutineLog.swift; sourceTree = "<group>"; };
		0D8A7B511F6780A400C57F0A /* Routine.swift */ = {isa = PBXFileReference; fileEncoding = 4; lastKnownFileType = sourcecode.swift; path = Routine.swift; sourceTree = "<group>"; };
		0D8A7B531F67812200C57F0A /* Log.swift */ = {isa = PBXFileReference; fileEncoding = 4; lastKnownFileType = sourcecode.swift; path = Log.swift; sourceTree = "<group>"; };
		0D8A7B551F67815200C57F0A /* Product.swift */ = {isa = PBXFileReference; fileEncoding = 4; lastKnownFileType = sourcecode.swift; path = Product.swift; sourceTree = "<group>"; };
		0D9734D920220F98002ACE21 /* RoutineLogTableView.swift */ = {isa = PBXFileReference; lastKnownFileType = sourcecode.swift; path = RoutineLogTableView.swift; sourceTree = "<group>"; };
		0D9E05EB1F7007B300E83BF3 /* LogSplitViewController.swift */ = {isa = PBXFileReference; fileEncoding = 4; lastKnownFileType = sourcecode.swift; path = LogSplitViewController.swift; sourceTree = "<group>"; };
		0DAAF1C11F715287001F0CD3 /* ProductCategory.swift */ = {isa = PBXFileReference; fileEncoding = 4; lastKnownFileType = sourcecode.swift; path = ProductCategory.swift; sourceTree = "<group>"; };
		0DAAF1C31F71588C001F0CD3 /* Stash.swift */ = {isa = PBXFileReference; fileEncoding = 4; lastKnownFileType = sourcecode.swift; path = Stash.swift; sourceTree = "<group>"; };
		0DC690AF202140110058336E /* Prototype.storyboard */ = {isa = PBXFileReference; lastKnownFileType = file.storyboard; path = Prototype.storyboard; sourceTree = "<group>"; };
		0DC690B220216AC20058336E /* DailyViewController.swift */ = {isa = PBXFileReference; lastKnownFileType = sourcecode.swift; path = DailyViewController.swift; sourceTree = "<group>"; };
		0DC690B4202171370058336E /* DailyRoutineLogViewController.swift */ = {isa = PBXFileReference; lastKnownFileType = sourcecode.swift; path = DailyRoutineLogViewController.swift; sourceTree = "<group>"; };
		0DC690B6202171820058336E /* DailyStatusViewController.swift */ = {isa = PBXFileReference; lastKnownFileType = sourcecode.swift; path = DailyStatusViewController.swift; sourceTree = "<group>"; };
		0DD890EE1FB3BEEC00F83192 /* String+RangeFromNSRange.swift */ = {isa = PBXFileReference; lastKnownFileType = sourcecode.swift; path = "String+RangeFromNSRange.swift"; sourceTree = "<group>"; };
		0DE6B8591FBC9F7B0073836C /* NoProductSelected.storyboard */ = {isa = PBXFileReference; fileEncoding = 4; lastKnownFileType = file.storyboard; path = NoProductSelected.storyboard; sourceTree = "<group>"; };
		0DE6B85B1FBCA0C00073836C /* Log.storyboard */ = {isa = PBXFileReference; fileEncoding = 4; lastKnownFileType = file.storyboard; path = Log.storyboard; sourceTree = "<group>"; };
		0DE6B85F1FBCA2DE0073836C /* WishList.storyboard */ = {isa = PBXFileReference; fileEncoding = 4; lastKnownFileType = file.storyboard; path = WishList.storyboard; sourceTree = "<group>"; };
		0DE6B8611FBCA3930073836C /* Stash.storyboard */ = {isa = PBXFileReference; fileEncoding = 4; lastKnownFileType = file.storyboard; path = Stash.storyboard; sourceTree = "<group>"; };
		0DE6B8661FBCA6C50073836C /* ApplicationProductSelectionViewController.swift */ = {isa = PBXFileReference; lastKnownFileType = sourcecode.swift; path = ApplicationProductSelectionViewController.swift; sourceTree = "<group>"; };
		0DEF09731F700B9D0046DE0A /* ApplicationViewController.swift */ = {isa = PBXFileReference; fileEncoding = 4; lastKnownFileType = sourcecode.swift; path = ApplicationViewController.swift; sourceTree = "<group>"; };
		0DEF09771F714C9F0046DE0A /* StashSplitViewController.swift */ = {isa = PBXFileReference; fileEncoding = 4; lastKnownFileType = sourcecode.swift; path = StashSplitViewController.swift; sourceTree = "<group>"; };
		0DEF097A1F714D0A0046DE0A /* StashViewController.swift */ = {isa = PBXFileReference; fileEncoding = 4; lastKnownFileType = sourcecode.swift; path = StashViewController.swift; sourceTree = "<group>"; };
		0DEF097C1F714D1C0046DE0A /* ProductViewController.swift */ = {isa = PBXFileReference; fileEncoding = 4; lastKnownFileType = sourcecode.swift; path = ProductViewController.swift; sourceTree = "<group>"; };
		3E9FFA18F8CABFAB10798EEB /* Pods-skin.release.xcconfig */ = {isa = PBXFileReference; includeInIndex = 1; lastKnownFileType = text.xcconfig; name = "Pods-skin.release.xcconfig"; path = "Pods/Target Support Files/Pods-skin/Pods-skin.release.xcconfig"; sourceTree = "<group>"; };
		D4D8D750D79F4CA6DAF4668D /* Pods-skin.debug.xcconfig */ = {isa = PBXFileReference; includeInIndex = 1; lastKnownFileType = text.xcconfig; name = "Pods-skin.debug.xcconfig"; path = "Pods/Target Support Files/Pods-skin/Pods-skin.debug.xcconfig"; sourceTree = "<group>"; };
		E93611EEE60A3CBBD8587337 /* Pods_skin.framework */ = {isa = PBXFileReference; explicitFileType = wrapper.framework; includeInIndex = 0; path = Pods_skin.framework; sourceTree = BUILT_PRODUCTS_DIR; };
/* End PBXFileReference section */

/* Begin PBXFrameworksBuildPhase section */
		0D0CC37C1F54B48C00334487 /* Frameworks */ = {
			isa = PBXFrameworksBuildPhase;
			buildActionMask = 2147483647;
			files = (
				267422028AC53C46DE5FEC8C /* Pods_skin.framework in Frameworks */,
			);
			runOnlyForDeploymentPostprocessing = 0;
		};
		0D0CC3901F54B48C00334487 /* Frameworks */ = {
			isa = PBXFrameworksBuildPhase;
			buildActionMask = 2147483647;
			files = (
			);
			runOnlyForDeploymentPostprocessing = 0;
		};
		0D0CC39B1F54B48C00334487 /* Frameworks */ = {
			isa = PBXFrameworksBuildPhase;
			buildActionMask = 2147483647;
			files = (
			);
			runOnlyForDeploymentPostprocessing = 0;
		};
/* End PBXFrameworksBuildPhase section */

/* Begin PBXGroup section */
		0D09DE8A20279AF9002875F5 /* Products */ = {
			isa = PBXGroup;
			children = (
				0D66F55B1FB241CD00FE84DC /* ProductListSplitViewController.swift */,
				0D66F55F1FB2452700FE84DC /* ProductListViewController.swift */,
			);
			name = Products;
			sourceTree = "<group>";
		};
		0D0CC3761F54B48C00334487 = {
			isa = PBXGroup;
			children = (
				0D0CC3811F54B48C00334487 /* skin */,
				0D0CC3961F54B48C00334487 /* skinTests */,
				0D0CC3A11F54B48C00334487 /* skinUITests */,
				0D0CC3801F54B48C00334487 /* Products */,
				A74B762836859B04CE46DA16 /* Pods */,
				CF3B24DA85132043A2286012 /* Frameworks */,
			);
			sourceTree = "<group>";
		};
		0D0CC3801F54B48C00334487 /* Products */ = {
			isa = PBXGroup;
			children = (
				0D0CC37F1F54B48C00334487 /* skin.app */,
				0D0CC3931F54B48C00334487 /* skinTests.xctest */,
				0D0CC39E1F54B48C00334487 /* skinUITests.xctest */,
			);
			name = Products;
			sourceTree = "<group>";
		};
		0D0CC3811F54B48C00334487 /* skin */ = {
			isa = PBXGroup;
			children = (
				0D0CC3821F54B48C00334487 /* AppDelegate.swift */,
				0DD890EE1FB3BEEC00F83192 /* String+RangeFromNSRange.swift */,
				0D6BA792200FD6FC009D92A9 /* UIViewController+Realm.swift */,
				0D8A7B4E1F67804E00C57F0A /* Views */,
				0D66F55A1FB2418900FE84DC /* Reusable Controllers */,
				0DE6B8631FBCA4050073836C /* Reusable Views */,
				0D8A7B4D1F67803100C57F0A /* Models */,
				0D0CC3861F54B48C00334487 /* Main.storyboard */,
				0DC690AF202140110058336E /* Prototype.storyboard */,
				0D0CC3891F54B48C00334487 /* Assets.xcassets */,
				0D0CC3B21F55932900334487 /* skin.entitlements */,
				0D0CC38B1F54B48C00334487 /* LaunchScreen.storyboard */,
				0D0CC38E1F54B48C00334487 /* Info.plist */,
			);
			path = skin;
			sourceTree = "<group>";
		};
		0D0CC3961F54B48C00334487 /* skinTests */ = {
			isa = PBXGroup;
			children = (
				0D0CC3971F54B48C00334487 /* skinTests.swift */,
				0D0CC3991F54B48C00334487 /* Info.plist */,
			);
			path = skinTests;
			sourceTree = "<group>";
		};
		0D0CC3A11F54B48C00334487 /* skinUITests */ = {
			isa = PBXGroup;
			children = (
				0D0CC3A21F54B48C00334487 /* skinUITests.swift */,
				0D0CC3A41F54B48C00334487 /* Info.plist */,
			);
			path = skinUITests;
			sourceTree = "<group>";
		};
		0D66F55A1FB2418900FE84DC /* Reusable Controllers */ = {
			isa = PBXGroup;
			children = (
				0DEF097C1F714D1C0046DE0A /* ProductViewController.swift */,
			);
			name = "Reusable Controllers";
			sourceTree = "<group>";
		};
		0D66F5631FB3442C00FE84DC /* Wish List */ = {
			isa = PBXGroup;
			children = (
				0DE6B85F1FBCA2DE0073836C /* WishList.storyboard */,
				0D66F5641FB3444F00FE84DC /* WishListSplitViewController.swift */,
				0D66F5661FB3446400FE84DC /* WishListViewController.swift */,
			);
			name = "Wish List";
			sourceTree = "<group>";
		};
		0D8A7B4D1F67803100C57F0A /* Models */ = {
			isa = PBXGroup;
			children = (
				0D8A7B4F1F67806D00C57F0A /* RoutineLog.swift */,
				0D8A7B511F6780A400C57F0A /* Routine.swift */,
				0D8A7B531F67812200C57F0A /* Log.swift */,
				0D8A7B551F67815200C57F0A /* Product.swift */,
				0DAAF1C11F715287001F0CD3 /* ProductCategory.swift */,
				0DAAF1C31F71588C001F0CD3 /* Stash.swift */,
				0D66F5611FB245DD00FE84DC /* WishList.swift */,
			);
			name = Models;
			sourceTree = "<group>";
		};
		0D8A7B4E1F67804E00C57F0A /* Views */ = {
			isa = PBXGroup;
			children = (
				0DC690B1202163A30058336E /* Daily */,
				0D09DE8A20279AF9002875F5 /* Products */,
				0D9E05EA1F70077A00E83BF3 /* Log */,
				0DEF09791F714CE90046DE0A /* Stash */,
				0D66F5631FB3442C00FE84DC /* Wish List */,
			);
			name = Views;
			sourceTree = "<group>";
		};
		0D9E05EA1F70077A00E83BF3 /* Log */ = {
			isa = PBXGroup;
			children = (
				0DE6B85B1FBCA0C00073836C /* Log.storyboard */,
				0D9E05EB1F7007B300E83BF3 /* LogSplitViewController.swift */,
				0D79E9211F5EE16B00590443 /* DailyLogViewController.swift */,
				0DEF09731F700B9D0046DE0A /* ApplicationViewController.swift */,
				0DE6B8661FBCA6C50073836C /* ApplicationProductSelectionViewController.swift */,
			);
			name = Log;
			sourceTree = "<group>";
		};
		0DC690B1202163A30058336E /* Daily */ = {
			isa = PBXGroup;
			children = (
				0DC690B220216AC20058336E /* DailyViewController.swift */,
				0DC690B4202171370058336E /* DailyRoutineLogViewController.swift */,
				0DC690B6202171820058336E /* DailyStatusViewController.swift */,
				0D9734D920220F98002ACE21 /* RoutineLogTableView.swift */,
			);
			name = Daily;
			sourceTree = "<group>";
		};
		0DE6B8631FBCA4050073836C /* Reusable Views */ = {
			isa = PBXGroup;
			children = (
				0DE6B8591FBC9F7B0073836C /* NoProductSelected.storyboard */,
			);
			name = "Reusable Views";
			sourceTree = "<group>";
		};
		0DEF09791F714CE90046DE0A /* Stash */ = {
			isa = PBXGroup;
			children = (
				0DE6B8611FBCA3930073836C /* Stash.storyboard */,
				0DEF09771F714C9F0046DE0A /* StashSplitViewController.swift */,
				0DEF097A1F714D0A0046DE0A /* StashViewController.swift */,
			);
			name = Stash;
			sourceTree = "<group>";
		};
		A74B762836859B04CE46DA16 /* Pods */ = {
			isa = PBXGroup;
			children = (
				D4D8D750D79F4CA6DAF4668D /* Pods-skin.debug.xcconfig */,
				3E9FFA18F8CABFAB10798EEB /* Pods-skin.release.xcconfig */,
			);
			name = Pods;
			sourceTree = "<group>";
		};
		CF3B24DA85132043A2286012 /* Frameworks */ = {
			isa = PBXGroup;
			children = (
				E93611EEE60A3CBBD8587337 /* Pods_skin.framework */,
			);
			name = Frameworks;
			sourceTree = "<group>";
		};
/* End PBXGroup section */

/* Begin PBXNativeTarget section */
		0D0CC37E1F54B48C00334487 /* skin */ = {
			isa = PBXNativeTarget;
			buildConfigurationList = 0D0CC3A71F54B48C00334487 /* Build configuration list for PBXNativeTarget "skin" */;
			buildPhases = (
				ED531DE89F3DD19ABEF5ECEC /* [CP] Check Pods Manifest.lock */,
				0D0CC37B1F54B48C00334487 /* Sources */,
				0D0CC37C1F54B48C00334487 /* Frameworks */,
				0D0CC37D1F54B48C00334487 /* Resources */,
				0D0CC3B91F55988700334487 /* Embed Frameworks */,
				8B41205F3FAC319ADB6CD649 /* [CP] Embed Pods Frameworks */,
				EA02176070A683657D7E68BE /* [CP] Copy Pods Resources */,
			);
			buildRules = (
			);
			dependencies = (
			);
			name = skin;
			productName = skin;
			productReference = 0D0CC37F1F54B48C00334487 /* skin.app */;
			productType = "com.apple.product-type.application";
		};
		0D0CC3921F54B48C00334487 /* skinTests */ = {
			isa = PBXNativeTarget;
			buildConfigurationList = 0D0CC3AA1F54B48C00334487 /* Build configuration list for PBXNativeTarget "skinTests" */;
			buildPhases = (
				0D0CC38F1F54B48C00334487 /* Sources */,
				0D0CC3901F54B48C00334487 /* Frameworks */,
				0D0CC3911F54B48C00334487 /* Resources */,
			);
			buildRules = (
			);
			dependencies = (
				0D0CC3951F54B48C00334487 /* PBXTargetDependency */,
			);
			name = skinTests;
			productName = skinTests;
			productReference = 0D0CC3931F54B48C00334487 /* skinTests.xctest */;
			productType = "com.apple.product-type.bundle.unit-test";
		};
		0D0CC39D1F54B48C00334487 /* skinUITests */ = {
			isa = PBXNativeTarget;
			buildConfigurationList = 0D0CC3AD1F54B48C00334487 /* Build configuration list for PBXNativeTarget "skinUITests" */;
			buildPhases = (
				0D0CC39A1F54B48C00334487 /* Sources */,
				0D0CC39B1F54B48C00334487 /* Frameworks */,
				0D0CC39C1F54B48C00334487 /* Resources */,
			);
			buildRules = (
			);
			dependencies = (
				0D0CC3A01F54B48C00334487 /* PBXTargetDependency */,
			);
			name = skinUITests;
			productName = skinUITests;
			productReference = 0D0CC39E1F54B48C00334487 /* skinUITests.xctest */;
			productType = "com.apple.product-type.bundle.ui-testing";
		};
/* End PBXNativeTarget section */

/* Begin PBXProject section */
		0D0CC3771F54B48C00334487 /* Project object */ = {
			isa = PBXProject;
			attributes = {
				LastSwiftUpdateCheck = 0830;
				LastUpgradeCheck = 0910;
				ORGANIZATIONNAME = "Becky Henderson";
				TargetAttributes = {
					0D0CC37E1F54B48C00334487 = {
						CreatedOnToolsVersion = 8.3;
						DevelopmentTeam = 96Y58G3KA6;
						ProvisioningStyle = Automatic;
						SystemCapabilities = {
							com.apple.Keychain = {
								enabled = 1;
							};
						};
					};
					0D0CC3921F54B48C00334487 = {
						CreatedOnToolsVersion = 8.3;
						DevelopmentTeam = 96Y58G3KA6;
						ProvisioningStyle = Automatic;
						TestTargetID = 0D0CC37E1F54B48C00334487;
					};
					0D0CC39D1F54B48C00334487 = {
						CreatedOnToolsVersion = 8.3;
						DevelopmentTeam = 96Y58G3KA6;
						ProvisioningStyle = Automatic;
						TestTargetID = 0D0CC37E1F54B48C00334487;
					};
				};
			};
			buildConfigurationList = 0D0CC37A1F54B48C00334487 /* Build configuration list for PBXProject "skin" */;
			compatibilityVersion = "Xcode 3.2";
			developmentRegion = English;
			hasScannedForEncodings = 0;
			knownRegions = (
				en,
				Base,
			);
			mainGroup = 0D0CC3761F54B48C00334487;
			productRefGroup = 0D0CC3801F54B48C00334487 /* Products */;
			projectDirPath = "";
			projectRoot = "";
			targets = (
				0D0CC37E1F54B48C00334487 /* skin */,
				0D0CC3921F54B48C00334487 /* skinTests */,
				0D0CC39D1F54B48C00334487 /* skinUITests */,
			);
		};
/* End PBXProject section */

/* Begin PBXResourcesBuildPhase section */
		0D0CC37D1F54B48C00334487 /* Resources */ = {
			isa = PBXResourcesBuildPhase;
			buildActionMask = 2147483647;
			files = (
				0DE6B8601FBCA2DE0073836C /* WishList.storyboard in Resources */,
				0D0CC38D1F54B48C00334487 /* LaunchScreen.storyboard in Resources */,
				0D0CC38A1F54B48C00334487 /* Assets.xcassets in Resources */,
				0DE6B85A1FBC9F7B0073836C /* NoProductSelected.storyboard in Resources */,
				0DE6B85E1FBCA1580073836C /* Log.storyboard in Resources */,
				0DE6B8621FBCA3930073836C /* Stash.storyboard in Resources */,
				0D0CC3881F54B48C00334487 /* Main.storyboard in Resources */,
				0DC690B0202140110058336E /* Prototype.storyboard in Resources */,
			);
			runOnlyForDeploymentPostprocessing = 0;
		};
		0D0CC3911F54B48C00334487 /* Resources */ = {
			isa = PBXResourcesBuildPhase;
			buildActionMask = 2147483647;
			files = (
			);
			runOnlyForDeploymentPostprocessing = 0;
		};
		0D0CC39C1F54B48C00334487 /* Resources */ = {
			isa = PBXResourcesBuildPhase;
			buildActionMask = 2147483647;
			files = (
			);
			runOnlyForDeploymentPostprocessing = 0;
		};
/* End PBXResourcesBuildPhase section */

/* Begin PBXShellScriptBuildPhase section */
		8B41205F3FAC319ADB6CD649 /* [CP] Embed Pods Frameworks */ = {
			isa = PBXShellScriptBuildPhase;
			buildActionMask = 2147483647;
			files = (
			);
			inputPaths = (
			);
			name = "[CP] Embed Pods Frameworks";
			outputPaths = (
			);
			runOnlyForDeploymentPostprocessing = 0;
			shellPath = /bin/sh;
			shellScript = "\"${SRCROOT}/Pods/Target Support Files/Pods-skin/Pods-skin-frameworks.sh\"\n";
			showEnvVarsInLog = 0;
		};
		EA02176070A683657D7E68BE /* [CP] Copy Pods Resources */ = {
			isa = PBXShellScriptBuildPhase;
			buildActionMask = 2147483647;
			files = (
			);
			inputPaths = (
			);
			name = "[CP] Copy Pods Resources";
			outputPaths = (
			);
			runOnlyForDeploymentPostprocessing = 0;
			shellPath = /bin/sh;
			shellScript = "\"${SRCROOT}/Pods/Target Support Files/Pods-skin/Pods-skin-resources.sh\"\n";
			showEnvVarsInLog = 0;
		};
		ED531DE89F3DD19ABEF5ECEC /* [CP] Check Pods Manifest.lock */ = {
			isa = PBXShellScriptBuildPhase;
			buildActionMask = 2147483647;
			files = (
			);
			inputPaths = (
			);
			name = "[CP] Check Pods Manifest.lock";
			outputPaths = (
			);
			runOnlyForDeploymentPostprocessing = 0;
			shellPath = /bin/sh;
			shellScript = "diff \"${PODS_ROOT}/../Podfile.lock\" \"${PODS_ROOT}/Manifest.lock\" > /dev/null\nif [ $? != 0 ] ; then\n    # print error to STDERR\n    echo \"error: The sandbox is not in sync with the Podfile.lock. Run 'pod install' or update your CocoaPods installation.\" >&2\n    exit 1\nfi\n";
			showEnvVarsInLog = 0;
		};
/* End PBXShellScriptBuildPhase section */

/* Begin PBXSourcesBuildPhase section */
		0D0CC37B1F54B48C00334487 /* Sources */ = {
			isa = PBXSourcesBuildPhase;
			buildActionMask = 2147483647;
			files = (
				0D6BA793200FD6FC009D92A9 /* UIViewController+Realm.swift in Sources */,
				0D66F5621FB245DD00FE84DC /* WishList.swift in Sources */,
				0DC690B320216AC20058336E /* DailyViewController.swift in Sources */,
				0DEF09781F714C9F0046DE0A /* StashSplitViewController.swift in Sources */,
				0D66F55C1FB241CD00FE84DC /* ProductListSplitViewController.swift in Sources */,
				0D8A7B521F6780A400C57F0A /* Routine.swift in Sources */,
				0DE6B8671FBCA6C50073836C /* ApplicationProductSelectionViewController.swift in Sources */,
				0D9734DA20220F98002ACE21 /* RoutineLogTableView.swift in Sources */,
				0D79E9221F5EE16B00590443 /* DailyLogViewController.swift in Sources */,
				0DC690B7202171820058336E /* DailyStatusViewController.swift in Sources */,
				0DEF097D1F714D1C0046DE0A /* ProductViewController.swift in Sources */,
				0D0CC3831F54B48C00334487 /* AppDelegate.swift in Sources */,
				0D66F5671FB3446400FE84DC /* WishListViewController.swift in Sources */,
				0DEF097B1F714D0A0046DE0A /* StashViewController.swift in Sources */,
				0D9E05EC1F7007B300E83BF3 /* LogSplitViewController.swift in Sources */,
				0D66F5651FB3444F00FE84DC /* WishListSplitViewController.swift in Sources */,
				0DAAF1C21F715287001F0CD3 /* ProductCategory.swift in Sources */,
				0D8A7B541F67812200C57F0A /* Log.swift in Sources */,
				0DEF09741F700B9D0046DE0A /* ApplicationViewController.swift in Sources */,
				0D8A7B501F67806D00C57F0A /* RoutineLog.swift in Sources */,
				0DAAF1C41F71588C001F0CD3 /* Stash.swift in Sources */,
				0DC690B5202171370058336E /* DailyRoutineLogViewController.swift in Sources */,
				0DD890EF1FB3BEEC00F83192 /* String+RangeFromNSRange.swift in Sources */,
				0D66F5601FB2452700FE84DC /* ProductListViewController.swift in Sources */,
				0D8A7B561F67815200C57F0A /* Product.swift in Sources */,
			);
			runOnlyForDeploymentPostprocessing = 0;
		};
		0D0CC38F1F54B48C00334487 /* Sources */ = {
			isa = PBXSourcesBuildPhase;
			buildActionMask = 2147483647;
			files = (
				0D0CC3981F54B48C00334487 /* skinTests.swift in Sources */,
			);
			runOnlyForDeploymentPostprocessing = 0;
		};
		0D0CC39A1F54B48C00334487 /* Sources */ = {
			isa = PBXSourcesBuildPhase;
			buildActionMask = 2147483647;
			files = (
				0D0CC3A31F54B48C00334487 /* skinUITests.swift in Sources */,
			);
			runOnlyForDeploymentPostprocessing = 0;
		};
/* End PBXSourcesBuildPhase section */

/* Begin PBXTargetDependency section */
		0D0CC3951F54B48C00334487 /* PBXTargetDependency */ = {
			isa = PBXTargetDependency;
			target = 0D0CC37E1F54B48C00334487 /* skin */;
			targetProxy = 0D0CC3941F54B48C00334487 /* PBXContainerItemProxy */;
		};
		0D0CC3A01F54B48C00334487 /* PBXTargetDependency */ = {
			isa = PBXTargetDependency;
			target = 0D0CC37E1F54B48C00334487 /* skin */;
			targetProxy = 0D0CC39F1F54B48C00334487 /* PBXContainerItemProxy */;
		};
/* End PBXTargetDependency section */

/* Begin PBXVariantGroup section */
		0D0CC3861F54B48C00334487 /* Main.storyboard */ = {
			isa = PBXVariantGroup;
			children = (
				0D0CC3871F54B48C00334487 /* Base */,
			);
			name = Main.storyboard;
			sourceTree = "<group>";
		};
		0D0CC38B1F54B48C00334487 /* LaunchScreen.storyboard */ = {
			isa = PBXVariantGroup;
			children = (
				0D0CC38C1F54B48C00334487 /* Base */,
			);
			name = LaunchScreen.storyboard;
			sourceTree = "<group>";
		};
/* End PBXVariantGroup section */

/* Begin XCBuildConfiguration section */
		0D0CC3A51F54B48C00334487 /* Debug */ = {
			isa = XCBuildConfiguration;
			buildSettings = {
				ALWAYS_SEARCH_USER_PATHS = NO;
				CLANG_ANALYZER_NONNULL = YES;
				CLANG_ANALYZER_NUMBER_OBJECT_CONVERSION = YES_AGGRESSIVE;
				CLANG_CXX_LANGUAGE_STANDARD = "gnu++0x";
				CLANG_CXX_LIBRARY = "libc++";
				CLANG_ENABLE_MODULES = YES;
				CLANG_ENABLE_OBJC_ARC = YES;
				CLANG_WARN_BLOCK_CAPTURE_AUTORELEASING = YES;
				CLANG_WARN_BOOL_CONVERSION = YES;
				CLANG_WARN_COMMA = YES;
				CLANG_WARN_CONSTANT_CONVERSION = YES;
				CLANG_WARN_DIRECT_OBJC_ISA_USAGE = YES_ERROR;
				CLANG_WARN_DOCUMENTATION_COMMENTS = YES;
				CLANG_WARN_EMPTY_BODY = YES;
				CLANG_WARN_ENUM_CONVERSION = YES;
				CLANG_WARN_INFINITE_RECURSION = YES;
				CLANG_WARN_INT_CONVERSION = YES;
				CLANG_WARN_NON_LITERAL_NULL_CONVERSION = YES;
				CLANG_WARN_OBJC_LITERAL_CONVERSION = YES;
				CLANG_WARN_OBJC_ROOT_CLASS = YES_ERROR;
				CLANG_WARN_RANGE_LOOP_ANALYSIS = YES;
				CLANG_WARN_STRICT_PROTOTYPES = YES;
				CLANG_WARN_SUSPICIOUS_MOVE = YES;
				CLANG_WARN_UNREACHABLE_CODE = YES;
				CLANG_WARN__DUPLICATE_METHOD_MATCH = YES;
				"CODE_SIGN_IDENTITY[sdk=iphoneos*]" = "iPhone Developer";
				COPY_PHASE_STRIP = NO;
				DEBUG_INFORMATION_FORMAT = dwarf;
				ENABLE_STRICT_OBJC_MSGSEND = YES;
				ENABLE_TESTABILITY = YES;
				GCC_C_LANGUAGE_STANDARD = gnu99;
				GCC_DYNAMIC_NO_PIC = NO;
				GCC_NO_COMMON_BLOCKS = YES;
				GCC_OPTIMIZATION_LEVEL = 0;
				GCC_PREPROCESSOR_DEFINITIONS = (
					"DEBUG=1",
					"$(inherited)",
				);
				GCC_WARN_64_TO_32_BIT_CONVERSION = YES;
				GCC_WARN_ABOUT_RETURN_TYPE = YES_ERROR;
				GCC_WARN_UNDECLARED_SELECTOR = YES;
				GCC_WARN_UNINITIALIZED_AUTOS = YES_AGGRESSIVE;
				GCC_WARN_UNUSED_FUNCTION = YES;
				GCC_WARN_UNUSED_VARIABLE = YES;
				IPHONEOS_DEPLOYMENT_TARGET = 10.3;
				MTL_ENABLE_DEBUG_INFO = YES;
				ONLY_ACTIVE_ARCH = YES;
				SDKROOT = iphoneos;
				SWIFT_ACTIVE_COMPILATION_CONDITIONS = DEBUG;
				SWIFT_OPTIMIZATION_LEVEL = "-Onone";
				TARGETED_DEVICE_FAMILY = "1,2";
			};
			name = Debug;
		};
		0D0CC3A61F54B48C00334487 /* Release */ = {
			isa = XCBuildConfiguration;
			buildSettings = {
				ALWAYS_SEARCH_USER_PATHS = NO;
				CLANG_ANALYZER_NONNULL = YES;
				CLANG_ANALYZER_NUMBER_OBJECT_CONVERSION = YES_AGGRESSIVE;
				CLANG_CXX_LANGUAGE_STANDARD = "gnu++0x";
				CLANG_CXX_LIBRARY = "libc++";
				CLANG_ENABLE_MODULES = YES;
				CLANG_ENABLE_OBJC_ARC = YES;
				CLANG_WARN_BLOCK_CAPTURE_AUTORELEASING = YES;
				CLANG_WARN_BOOL_CONVERSION = YES;
				CLANG_WARN_COMMA = YES;
				CLANG_WARN_CONSTANT_CONVERSION = YES;
				CLANG_WARN_DIRECT_OBJC_ISA_USAGE = YES_ERROR;
				CLANG_WARN_DOCUMENTATION_COMMENTS = YES;
				CLANG_WARN_EMPTY_BODY = YES;
				CLANG_WARN_ENUM_CONVERSION = YES;
				CLANG_WARN_INFINITE_RECURSION = YES;
				CLANG_WARN_INT_CONVERSION = YES;
				CLANG_WARN_NON_LITERAL_NULL_CONVERSION = YES;
				CLANG_WARN_OBJC_LITERAL_CONVERSION = YES;
				CLANG_WARN_OBJC_ROOT_CLASS = YES_ERROR;
				CLANG_WARN_RANGE_LOOP_ANALYSIS = YES;
				CLANG_WARN_STRICT_PROTOTYPES = YES;
				CLANG_WARN_SUSPICIOUS_MOVE = YES;
				CLANG_WARN_UNREACHABLE_CODE = YES;
				CLANG_WARN__DUPLICATE_METHOD_MATCH = YES;
				"CODE_SIGN_IDENTITY[sdk=iphoneos*]" = "iPhone Developer";
				COPY_PHASE_STRIP = NO;
				DEBUG_INFORMATION_FORMAT = "dwarf-with-dsym";
				ENABLE_NS_ASSERTIONS = NO;
				ENABLE_STRICT_OBJC_MSGSEND = YES;
				GCC_C_LANGUAGE_STANDARD = gnu99;
				GCC_NO_COMMON_BLOCKS = YES;
				GCC_WARN_64_TO_32_BIT_CONVERSION = YES;
				GCC_WARN_ABOUT_RETURN_TYPE = YES_ERROR;
				GCC_WARN_UNDECLARED_SELECTOR = YES;
				GCC_WARN_UNINITIALIZED_AUTOS = YES_AGGRESSIVE;
				GCC_WARN_UNUSED_FUNCTION = YES;
				GCC_WARN_UNUSED_VARIABLE = YES;
				IPHONEOS_DEPLOYMENT_TARGET = 10.3;
				MTL_ENABLE_DEBUG_INFO = NO;
				SDKROOT = iphoneos;
				SWIFT_OPTIMIZATION_LEVEL = "-Owholemodule";
				TARGETED_DEVICE_FAMILY = "1,2";
				VALIDATE_PRODUCT = YES;
			};
			name = Release;
		};
		0D0CC3A81F54B48C00334487 /* Debug */ = {
			isa = XCBuildConfiguration;
			baseConfigurationReference = D4D8D750D79F4CA6DAF4668D /* Pods-skin.debug.xcconfig */;
			buildSettings = {
				ASSETCATALOG_COMPILER_APPICON_NAME = AppIcon;
				CODE_SIGN_ENTITLEMENTS = skin/skin.entitlements;
				DEVELOPMENT_TEAM = 96Y58G3KA6;
				FRAMEWORK_SEARCH_PATHS = (
					"$(inherited)",
					"$(PROJECT_DIR)",
				);
				INFOPLIST_FILE = skin/Info.plist;
				LD_RUNPATH_SEARCH_PATHS = "$(inherited) @executable_path/Frameworks";
				PRODUCT_BUNDLE_IDENTIFIER = com.beckasaurusproductions.skin;
				PRODUCT_NAME = "$(TARGET_NAME)";
				SWIFT_VERSION = 3.0;
			};
			name = Debug;
		};
		0D0CC3A91F54B48C00334487 /* Release */ = {
			isa = XCBuildConfiguration;
			baseConfigurationReference = 3E9FFA18F8CABFAB10798EEB /* Pods-skin.release.xcconfig */;
			buildSettings = {
				ASSETCATALOG_COMPILER_APPICON_NAME = AppIcon;
				CODE_SIGN_ENTITLEMENTS = skin/skin.entitlements;
				DEVELOPMENT_TEAM = 96Y58G3KA6;
				FRAMEWORK_SEARCH_PATHS = (
					"$(inherited)",
					"$(PROJECT_DIR)",
				);
				INFOPLIST_FILE = skin/Info.plist;
				LD_RUNPATH_SEARCH_PATHS = "$(inherited) @executable_path/Frameworks";
				PRODUCT_BUNDLE_IDENTIFIER = com.beckasaurusproductions.skin;
				PRODUCT_NAME = "$(TARGET_NAME)";
				SWIFT_VERSION = 3.0;
			};
			name = Release;
		};
		0D0CC3AB1F54B48C00334487 /* Debug */ = {
			isa = XCBuildConfiguration;
			buildSettings = {
				ALWAYS_EMBED_SWIFT_STANDARD_LIBRARIES = YES;
				BUNDLE_LOADER = "$(TEST_HOST)";
				DEVELOPMENT_TEAM = 96Y58G3KA6;
				INFOPLIST_FILE = skinTests/Info.plist;
				LD_RUNPATH_SEARCH_PATHS = "$(inherited) @executable_path/Frameworks @loader_path/Frameworks";
				PRODUCT_BUNDLE_IDENTIFIER = com.beckasaurusproductions.skinTests;
				PRODUCT_NAME = "$(TARGET_NAME)";
				SWIFT_VERSION = 3.0;
				TEST_HOST = "$(BUILT_PRODUCTS_DIR)/skin.app/skin";
			};
			name = Debug;
		};
		0D0CC3AC1F54B48C00334487 /* Release */ = {
			isa = XCBuildConfiguration;
			buildSettings = {
				ALWAYS_EMBED_SWIFT_STANDARD_LIBRARIES = YES;
				BUNDLE_LOADER = "$(TEST_HOST)";
				DEVELOPMENT_TEAM = 96Y58G3KA6;
				INFOPLIST_FILE = skinTests/Info.plist;
				LD_RUNPATH_SEARCH_PATHS = "$(inherited) @executable_path/Frameworks @loader_path/Frameworks";
				PRODUCT_BUNDLE_IDENTIFIER = com.beckasaurusproductions.skinTests;
				PRODUCT_NAME = "$(TARGET_NAME)";
				SWIFT_VERSION = 3.0;
				TEST_HOST = "$(BUILT_PRODUCTS_DIR)/skin.app/skin";
			};
			name = Release;
		};
		0D0CC3AE1F54B48C00334487 /* Debug */ = {
			isa = XCBuildConfiguration;
			buildSettings = {
				ALWAYS_EMBED_SWIFT_STANDARD_LIBRARIES = YES;
				DEVELOPMENT_TEAM = 96Y58G3KA6;
				INFOPLIST_FILE = skinUITests/Info.plist;
				LD_RUNPATH_SEARCH_PATHS = "$(inherited) @executable_path/Frameworks @loader_path/Frameworks";
				PRODUCT_BUNDLE_IDENTIFIER = com.beckasaurusproductions.skinUITests;
				PRODUCT_NAME = "$(TARGET_NAME)";
				SWIFT_VERSION = 3.0;
				TEST_TARGET_NAME = skin;
			};
			name = Debug;
		};
		0D0CC3AF1F54B48C00334487 /* Release */ = {
			isa = XCBuildConfiguration;
			buildSettings = {
				ALWAYS_EMBED_SWIFT_STANDARD_LIBRARIES = YES;
				DEVELOPMENT_TEAM = 96Y58G3KA6;
				INFOPLIST_FILE = skinUITests/Info.plist;
				LD_RUNPATH_SEARCH_PATHS = "$(inherited) @executable_path/Frameworks @loader_path/Frameworks";
				PRODUCT_BUNDLE_IDENTIFIER = com.beckasaurusproductions.skinUITests;
				PRODUCT_NAME = "$(TARGET_NAME)";
				SWIFT_VERSION = 3.0;
				TEST_TARGET_NAME = skin;
			};
			name = Release;
		};
/* End XCBuildConfiguration section */

/* Begin XCConfigurationList section */
		0D0CC37A1F54B48C00334487 /* Build configuration list for PBXProject "skin" */ = {
			isa = XCConfigurationList;
			buildConfigurations = (
				0D0CC3A51F54B48C00334487 /* Debug */,
				0D0CC3A61F54B48C00334487 /* Release */,
			);
			defaultConfigurationIsVisible = 0;
			defaultConfigurationName = Release;
		};
		0D0CC3A71F54B48C00334487 /* Build configuration list for PBXNativeTarget "skin" */ = {
			isa = XCConfigurationList;
			buildConfigurations = (
				0D0CC3A81F54B48C00334487 /* Debug */,
				0D0CC3A91F54B48C00334487 /* Release */,
			);
			defaultConfigurationIsVisible = 0;
			defaultConfigurationName = Release;
		};
		0D0CC3AA1F54B48C00334487 /* Build configuration list for PBXNativeTarget "skinTests" */ = {
			isa = XCConfigurationList;
			buildConfigurations = (
				0D0CC3AB1F54B48C00334487 /* Debug */,
				0D0CC3AC1F54B48C00334487 /* Release */,
			);
			defaultConfigurationIsVisible = 0;
			defaultConfigurationName = Release;
		};
		0D0CC3AD1F54B48C00334487 /* Build configuration list for PBXNativeTarget "skinUITests" */ = {
			isa = XCConfigurationList;
			buildConfigurations = (
				0D0CC3AE1F54B48C00334487 /* Debug */,
				0D0CC3AF1F54B48C00334487 /* Release */,
			);
			defaultConfigurationIsVisible = 0;
			defaultConfigurationName = Release;
		};
/* End XCConfigurationList section */
	};
	rootObject = 0D0CC3771F54B48C00334487 /* Project object */;
}
